{
    "_readme": [
        "This file locks the dependencies of your project to a known state",
        "Read more about it at https://getcomposer.org/doc/01-basic-usage.md#installing-dependencies",
        "This file is @generated automatically"
    ],
    "content-hash": "67126aaa5d205f5399cc0f9ff9e91208",
    "packages": [
        {
            "name": "magic3w/phpauth-sdk-php",
            "version": "v0.1.1",
            "source": {
                "type": "git",
                "url": "https://phabricator.magic3w.com/source/phpas-sdk-php.git",
                "reference": "9841296f9cdcd91071d7e929f58ecb4ed154b696"
            },
            "require": {
                "magic3w/url-reflection": "dev-master",
                "spitfire/request": "dev-master"
            },
            "type": "library",
            "autoload": {
                "psr-4": {
                    "magic3w\\phpauth\\sdk\\": "./src/"
                }
            },
            "notification-url": "https://packagist.org/downloads/",
            "license": [
                "MIT"
            ],
            "authors": [
                {
                    "name": "César de la Cal Bretschneider",
                    "email": "cesar@magic3w.com"
                }
            ],
            "description": "PHP SDK for PHPAuthServer (magic3w/phpauth)",
            "time": "2020-12-18T16:45:12+00:00"
        },
        {
            "name": "magic3w/url-reflection",
            "version": "dev-master",
            "source": {
                "type": "git",
                "url": "https://phabricator.magic3w.com/source/url-reflection.git",
                "reference": "6d7529af43c2cb1ed264e9b88d257ac4066b641c"
            },
            "require-dev": {
                "phpunit/phpunit": "^9.3"
            },
            "default-branch": true,
            "type": "library",
            "autoload": {
                "psr-4": {
                    "magic3w\\http\\url\\reflection\\": "src/"
                }
            },
            "notification-url": "https://packagist.org/downloads/",
            "license": [
                "MIT"
            ],
            "authors": [
                {
                    "name": "César de la Cal Bretschneider",
                    "email": "cesar@magic3w.com"
                }
            ],
            "description": "Allows applications to have a URL parsed and retrieve information about it's components",
            "time": "2020-11-04T12:01:53+00:00"
        },
        {
            "name": "spitfire/collection",
            "version": "0.1.0",
            "source": {
                "type": "git",
                "url": "https://phabricator.magic3w.com/source/spitfire-collection.git",
                "reference": "91331bd1f15d9c15d363734bd477c7bd363291a5"
            },
            "require-dev": {
                "phpunit/phpunit": "^9.4"
            },
            "type": "library",
            "autoload": {
                "psr-4": {
                    "spitfire\\collection\\": "./src/"
                }
            },
            "notification-url": "https://packagist.org/downloads/",
            "license": [
                "MIT"
            ],
            "authors": [
                {
                    "name": "César de la Cal Bretschneider",
                    "email": "cesar@magic3w.com"
                }
            ],
            "description": "Provides collections for spitfire/engine",
            "time": "2020-10-19T09:26:22+00:00"
        },
        {
            "name": "spitfire/request",
            "version": "dev-master",
            "source": {
                "type": "git",
                "url": "https://phabricator.magic3w.com/source/spitfire-request.git",
                "reference": "0e8166d802e0e71dd12365bca0215043c9df37d2"
            },
            "require": {
                "magic3w/url-reflection": "dev-master"
            },
            "require-dev": {
                "phpunit/phpunit": "^9.4"
            },
            "default-branch": true,
            "type": "library",
            "autoload": {
                "psr-4": {
                    "spitfire\\io\\request\\": "./src/"
                }
            },
            "notification-url": "https://packagist.org/downloads/",
            "license": [
                "MIT"
            ],
            "authors": [
                {
                    "name": "César de la Cal Bretschneider",
                    "email": "cesar@magic3w.com"
                }
            ],
            "description": "Spitfire request mechanism",
            "time": "2021-01-21T07:59:55+00:00"
        }
    ],
    "packages-dev": [],
    "aliases": [],
    "minimum-stability": "dev",
    "stability-flags": {
        "spitfire/request": 20
    },
    "prefer-stable": true,
    "prefer-lowest": false,
    "platform": [],
    "platform-dev": [],
    "plugin-api-version": "2.0.0"
}
